
Microsoft Visual Studio Solution File, Format Version 12.00
# Visual Studio Version 17
VisualStudioVersion = 17.7.34003.232
MinimumVisualStudioVersion = 10.0.40219.1
Project("{FAE04EC0-301F-11D3-BF4B-00C04F79EFBC}") = "211426_FinalProjectDOA", "211426_FinalProjectDOA.csproj", "{030ECC7B-72EC-4AEE-BBF0-4EFB71328841}"
EndProject
Global
	GlobalSection(SolutionConfigurationPlatforms) = preSolution
		Debug|Any CPU = Debug|Any CPU
		Release|Any CPU = Release|Any CPU
	EndGlobalSection
	GlobalSection(ProjectConfigurationPlatforms) = postSolution
		{030ECC7B-72EC-4AEE-BBF0-4EFB71328841}.Debug|Any CPU.ActiveCfg = Debug|Any CPU
		{030ECC7B-72EC-4AEE-BBF0-4EFB71328841}.Debug|Any CPU.Build.0 = Debug|Any CPU
		{030ECC7B-72EC-4AEE-BBF0-4EFB71328841}.Release|Any CPU.ActiveCfg = Release|Any CPU
		{030ECC7B-72EC-4AEE-BBF0-4EFB71328841}.Release|Any CPU.Build.0 = Release|Any CPU
	EndGlobalSection
	GlobalSection(SolutionProperties) = preSolution
		HideSolutionNode = FALSE
	EndGlobalSection
	GlobalSection(ExtensibilityGlobals) = postSolution
		SolutionGuid = {2607C211-4DC0-4B8C-B65E-B388E37127E8}
	EndGlobalSection
EndGlobal
